PODS:
  - Flutter (1.0.0)
  - flutter_usabilla (0.0.1):
    - Flutter
    - Usabilla (~> 6.5)
  - Usabilla (6.14.0)

DEPENDENCIES:
  - Flutter (from `Flutter`)
  - flutter_usabilla (from `.symlinks/plugins/flutter_usabilla/ios`)

SPEC REPOS:
  trunk:
    - Usabilla

EXTERNAL SOURCES:
  Flutter:
    :path: Flutter
  flutter_usabilla:
    :path: ".symlinks/plugins/flutter_usabilla/ios"

SPEC CHECKSUMS:
  Flutter: f04841e97a9d0b0a8025694d0796dd46242b2854
  flutter_usabilla: 444456c7a85435aa970349a0aa3b3da80ace1ae9
  Usabilla: 969216de9321cdc1d52c568d23d06d975fc59760

PODFILE CHECKSUM: ce13d36744da294d67f8e460dbb7aed7c09bd7f4

COCOAPODS: 1.15.2
